// !$*UTF8*$!
{
	archiveVersion = 1;
	classes = {
	};
	objectVersion = 46;
	objects = {

/* Begin PBXBuildFile section */
		B56E53C31EC2304100E8EFD0 /* File.swift in Sources */ = {isa = PBXBuildFile; fileRef = B56E53C21EC2304100E8EFD0 /* File.swift */; };
		B56E53CD1EC236B300E8EFD0 /* planet.csv in Resources */ = {isa = PBXBuildFile; fileRef = B56E53CC1EC236B300E8EFD0 /* planet.csv */; };
		B5757CBA1EC0C4A5007FF0B8 /* Interstellar.mp3 in Resources */ = {isa = PBXBuildFile; fileRef = B5757CB91EC0C4A5007FF0B8 /* Interstellar.mp3 */; };
		B5757CBD1EC0C805007FF0B8 /* Planet.swift in Sources */ = {isa = PBXBuildFile; fileRef = B5757CBC1EC0C805007FF0B8 /* Planet.swift */; };
		B5757CC01EC0C9C8007FF0B8 /* PlanetCell.swift in Sources */ = {isa = PBXBuildFile; fileRef = B5757CBF1EC0C9C8007FF0B8 /* PlanetCell.swift */; };
		B5757CC41EC0D446007FF0B8 /* csv.swift in Sources */ = {isa = PBXBuildFile; fileRef = B5757CC31EC0D446007FF0B8 /* csv.swift */; };
		B5757CC81EC0D912007FF0B8 /* Ailerons-Typeface.otf in Resources */ = {isa = PBXBuildFile; fileRef = B5757CC71EC0D912007FF0B8 /* Ailerons-Typeface.otf */; };
		B5757CCC1EC0DDF8007FF0B8 /* PlanetDetailVC.swift in Sources */ = {isa = PBXBuildFile; fileRef = B5757CCB1EC0DDF8007FF0B8 /* PlanetDetailVC.swift */; };
		B5757CCF1EC0F3CF007FF0B8 /* Cloud-Bold.otf in Resources */ = {isa = PBXBuildFile; fileRef = B5757CCD1EC0F3CF007FF0B8 /* Cloud-Bold.otf */; };
		B5757CD01EC0F3CF007FF0B8 /* Cloud-Light.otf in Resources */ = {isa = PBXBuildFile; fileRef = B5757CCE1EC0F3CF007FF0B8 /* Cloud-Light.otf */; };
		B5ABE3011EC0BA6200D20B2E /* AppDelegate.swift in Sources */ = {isa = PBXBuildFile; fileRef = B5ABE3001EC0BA6200D20B2E /* AppDelegate.swift */; };
		B5ABE3031EC0BA6200D20B2E /* ViewController.swift in Sources */ = {isa = PBXBuildFile; fileRef = B5ABE3021EC0BA6200D20B2E /* ViewController.swift */; };
		B5ABE3061EC0BA6200D20B2E /* Main.storyboard in Resources */ = {isa = PBXBuildFile; fileRef = B5ABE3041EC0BA6200D20B2E /* Main.storyboard */; };
		B5ABE3091EC0BA6300D20B2E /* SolarSystem2.xcdatamodeld in Sources */ = {isa = PBXBuildFile; fileRef = B5ABE3071EC0BA6300D20B2E /* SolarSystem2.xcdatamodeld */; };
		B5ABE30B1EC0BA6300D20B2E /* Assets.xcassets in Resources */ = {isa = PBXBuildFile; fileRef = B5ABE30A1EC0BA6300D20B2E /* Assets.xcassets */; };
		B5ABE30E1EC0BA6300D20B2E /* LaunchScreen.storyboard in Resources */ = {isa = PBXBuildFile; fileRef = B5ABE30C1EC0BA6300D20B2E /* LaunchScreen.storyboard */; };
/* End PBXBuildFile section */

/* Begin PBXFileReference section */
		B56E53C21EC2304100E8EFD0 /* File.swift */ = {isa = PBXFileReference; fileEncoding = 4; lastKnownFileType = sourcecode.swift; path = File.swift; sourceTree = "<group>"; };
		B56E53CC1EC236B300E8EFD0 /* planet.csv */ = {isa = PBXFileReference; fileEncoding = 4; lastKnownFileType = text; path = planet.csv; sourceTree = "<group>"; };
		B5757CB91EC0C4A5007FF0B8 /* Interstellar.mp3 */ = {isa = PBXFileReference; lastKnownFileType = audio.mp3; path = Interstellar.mp3; sourceTree = "<group>"; };
		B5757CBC1EC0C805007FF0B8 /* Planet.swift */ = {isa = PBXFileReference; fileEncoding = 4; lastKnownFileType = sourcecode.swift; path = Planet.swift; sourceTree = "<group>"; };
		B5757CBF1EC0C9C8007FF0B8 /* PlanetCell.swift */ = {isa = PBXFileReference; fileEncoding = 4; lastKnownFileType = sourcecode.swift; path = PlanetCell.swift; sourceTree = "<group>"; };
		B5757CC31EC0D446007FF0B8 /* csv.swift */ = {isa = PBXFileReference; fileEncoding = 4; lastKnownFileType = sourcecode.swift; path = csv.swift; sourceTree = "<group>"; };
		B5757CC71EC0D912007FF0B8 /* Ailerons-Typeface.otf */ = {isa = PBXFileReference; lastKnownFileType = file; path = "Ailerons-Typeface.otf"; sourceTree = "<group>"; };
		B5757CCB1EC0DDF8007FF0B8 /* PlanetDetailVC.swift */ = {isa = PBXFileReference; fileEncoding = 4; lastKnownFileType = sourcecode.swift; path = PlanetDetailVC.swift; sourceTree = "<group>"; };
		B5757CCD1EC0F3CF007FF0B8 /* Cloud-Bold.otf */ = {isa = PBXFileReference; lastKnownFileType = file; path = "Cloud-Bold.otf"; sourceTree = "<group>"; };
		B5757CCE1EC0F3CF007FF0B8 /* Cloud-Light.otf */ = {isa = PBXFileReference; lastKnownFileType = file; path = "Cloud-Light.otf"; sourceTree = "<group>"; };
		B5ABE2FD1EC0BA6200D20B2E /* SolarSystem2.app */ = {isa = PBXFileReference; explicitFileType = wrapper.application; includeInIndex = 0; path = SolarSystem2.app; sourceTree = BUILT_PRODUCTS_DIR; };
		B5ABE3001EC0BA6200D20B2E /* AppDelegate.swift */ = {isa = PBXFileReference; lastKnownFileType = sourcecode.swift; path = AppDelegate.swift; sourceTree = "<group>"; };
		B5ABE3021EC0BA6200D20B2E /* ViewController.swift */ = {isa = PBXFileReference; lastKnownFileType = sourcecode.swift; path = ViewController.swift; sourceTree = "<group>"; };
		B5ABE3051EC0BA6200D20B2E /* Base */ = {isa = PBXFileReference; lastKnownFileType = file.storyboard; name = Base; path = Base.lproj/Main.storyboard; sourceTree = "<group>"; };
		B5ABE3081EC0BA6300D20B2E /* SolarSystem2.xcdatamodel */ = {isa = PBXFileReference; lastKnownFileType = wrapper.xcdatamodel; path = SolarSystem2.xcdatamodel; sourceTree = "<group>"; };
		B5ABE30A1EC0BA6300D20B2E /* Assets.xcassets */ = {isa = PBXFileReference; lastKnownFileType = folder.assetcatalog; path = Assets.xcassets; sourceTree = "<group>"; };
		B5ABE30D1EC0BA6300D20B2E /* Base */ = {isa = PBXFileReference; lastKnownFileType = file.storyboard; name = Base; path = Base.lproj/LaunchScreen.storyboard; sourceTree = "<group>"; };
		B5ABE30F1EC0BA6300D20B2E /* Info.plist */ = {isa = PBXFileReference; lastKnownFileType = text.plist.xml; path = Info.plist; sourceTree = "<group>"; };
/* End PBXFileReference section */

/* Begin PBXFrameworksBuildPhase section */
		B5ABE2FA1EC0BA6200D20B2E /* Frameworks */ = {
			isa = PBXFrameworksBuildPhase;
			buildActionMask = 2147483647;
			files = (
			);
			runOnlyForDeploymentPostprocessing = 0;
		};
/* End PBXFrameworksBuildPhase section */

/* Begin PBXGroup section */
		B5757CB81EC0C494007FF0B8 /* Resources */ = {
			isa = PBXGroup;
			children = (
				B5757CCD1EC0F3CF007FF0B8 /* Cloud-Bold.otf */,
				B5757CCE1EC0F3CF007FF0B8 /* Cloud-Light.otf */,
				B56E53C21EC2304100E8EFD0 /* File.swift */,
				B5757CC71EC0D912007FF0B8 /* Ailerons-Typeface.otf */,
				B5757CB91EC0C4A5007FF0B8 /* Interstellar.mp3 */,
			);
			name = Resources;
			sourceTree = "<group>";
		};
		B5757CBE1EC0C9B5007FF0B8 /* Model */ = {
			isa = PBXGroup;
			children = (
				B5757CBF1EC0C9C8007FF0B8 /* PlanetCell.swift */,
				B5757CBC1EC0C805007FF0B8 /* Planet.swift */,
			);
			name = Model;
			sourceTree = "<group>";
		};
		B5757CC21EC0D433007FF0B8 /* Util */ = {
			isa = PBXGroup;
			children = (
				B5757CC31EC0D446007FF0B8 /* csv.swift */,
				B56E53CC1EC236B300E8EFD0 /* planet.csv */,
			);
			name = Util;
			sourceTree = "<group>";
		};
		B5757CC91EC0DD89007FF0B8 /* View */ = {
			isa = PBXGroup;
			children = (
				B5ABE3041EC0BA6200D20B2E /* Main.storyboard */,
			);
			name = View;
			sourceTree = "<group>";
		};
		B5757CCA1EC0DD96007FF0B8 /* Controller */ = {
			isa = PBXGroup;
			children = (
				B5ABE3021EC0BA6200D20B2E /* ViewController.swift */,
				B5757CCB1EC0DDF8007FF0B8 /* PlanetDetailVC.swift */,
			);
			name = Controller;
			sourceTree = "<group>";
		};
		B5ABE2F41EC0BA6200D20B2E = {
			isa = PBXGroup;
			children = (
				B5ABE2FF1EC0BA6200D20B2E /* SolarSystem2 */,
				B5ABE2FE1EC0BA6200D20B2E /* Products */,
			);
			sourceTree = "<group>";
		};
		B5ABE2FE1EC0BA6200D20B2E /* Products */ = {
			isa = PBXGroup;
			children = (
				B5ABE2FD1EC0BA6200D20B2E /* SolarSystem2.app */,
			);
			name = Products;
			sourceTree = "<group>";
		};
		B5ABE2FF1EC0BA6200D20B2E /* SolarSystem2 */ = {
			isa = PBXGroup;
			children = (
				B5757CB81EC0C494007FF0B8 /* Resources */,
				B5757CC21EC0D433007FF0B8 /* Util */,
				B5757CBE1EC0C9B5007FF0B8 /* Model */,
				B5757CC91EC0DD89007FF0B8 /* View */,
				B5757CCA1EC0DD96007FF0B8 /* Controller */,
				B5ABE3001EC0BA6200D20B2E /* AppDelegate.swift */,
				B5ABE30A1EC0BA6300D20B2E /* Assets.xcassets */,
				B5ABE30C1EC0BA6300D20B2E /* LaunchScreen.storyboard */,
				B5ABE30F1EC0BA6300D20B2E /* Info.plist */,
				B5ABE3071EC0BA6300D20B2E /* SolarSystem2.xcdatamodeld */,
			);
			path = SolarSystem2;
			sourceTree = "<group>";
		};
/* End PBXGroup section */

/* Begin PBXNativeTarget section */
		B5ABE2FC1EC0BA6200D20B2E /* SolarSystem2 */ = {
			isa = PBXNativeTarget;
			buildConfigurationList = B5ABE3121EC0BA6300D20B2E /* Build configuration list for PBXNativeTarget "SolarSystem2" */;
			buildPhases = (
				B5ABE2F91EC0BA6200D20B2E /* Sources */,
				B5ABE2FA1EC0BA6200D20B2E /* Frameworks */,
				B5ABE2FB1EC0BA6200D20B2E /* Resources */,
			);
			buildRules = (
			);
			dependencies = (
			);
			name = SolarSystem2;
			productName = SolarSystem2;
			productReference = B5ABE2FD1EC0BA6200D20B2E /* SolarSystem2.app */;
			productType = "com.apple.product-type.application";
		};
/* End PBXNativeTarget section */

/* Begin PBXProject section */
		B5ABE2F51EC0BA6200D20B2E /* Project object */ = {
			isa = PBXProject;
			attributes = {
				LastSwiftUpdateCheck = 0820;
				LastUpgradeCheck = 0820;
				ORGANIZATIONNAME = Ben;
				TargetAttributes = {
					B5ABE2FC1EC0BA6200D20B2E = {
						CreatedOnToolsVersion = 8.2.1;
						LastSwiftMigration = 0820;
						ProvisioningStyle = Automatic;
					};
				};
			};
			buildConfigurationList = B5ABE2F81EC0BA6200D20B2E /* Build configuration list for PBXProject "SolarSystem2" */;
			compatibilityVersion = "Xcode 3.2";
			developmentRegion = English;
			hasScannedForEncodings = 0;
			knownRegions = (
				en,
				Base,
			);
			mainGroup = B5ABE2F41EC0BA6200D20B2E;
			productRefGroup = B5ABE2FE1EC0BA6200D20B2E /* Products */;
			projectDirPath = "";
			projectRoot = "";
			targets = (
				B5ABE2FC1EC0BA6200D20B2E /* SolarSystem2 */,
			);
		};
/* End PBXProject section */

/* Begin PBXResourcesBuildPhase section */
		B5ABE2FB1EC0BA6200D20B2E /* Resources */ = {
			isa = PBXResourcesBuildPhase;
			buildActionMask = 2147483647;
			files = (
				B56E53CD1EC236B300E8EFD0 /* planet.csv in Resources */,
				B5ABE30E1EC0BA6300D20B2E /* LaunchScreen.storyboard in Resources */,
				B5757CC81EC0D912007FF0B8 /* Ailerons-Typeface.otf in Resources */,
				B5757CD01EC0F3CF007FF0B8 /* Cloud-Light.otf in Resources */,
				B5757CCF1EC0F3CF007FF0B8 /* Cloud-Bold.otf in Resources */,
				B5ABE30B1EC0BA6300D20B2E /* Assets.xcassets in Resources */,
				B5ABE3061EC0BA6200D20B2E /* Main.storyboard in Resources */,
				B5757CBA1EC0C4A5007FF0B8 /* Interstellar.mp3 in Resources */,
			);
			runOnlyForDeploymentPostprocessing = 0;
		};
/* End PBXResourcesBuildPhase section */

/* Begin PBXSourcesBuildPhase section */
		B5ABE2F91EC0BA6200D20B2E /* Sources */ = {
			isa = PBXSourcesBuildPhase;
			buildActionMask = 2147483647;
			files = (
				B5757CCC1EC0DDF8007FF0B8 /* PlanetDetailVC.swift in Sources */,
				B5757CC41EC0D446007FF0B8 /* csv.swift in Sources */,
				B5ABE3091EC0BA6300D20B2E /* SolarSystem2.xcdatamodeld in Sources */,
				B5757CC01EC0C9C8007FF0B8 /* PlanetCell.swift in Sources */,
				B5ABE3031EC0BA6200D20B2E /* ViewController.swift in Sources */,
				B56E53C31EC2304100E8EFD0 /* File.swift in Sources */,
				B5ABE3011EC0BA6200D20B2E /* AppDelegate.swift in Sources */,
				B5757CBD1EC0C805007FF0B8 /* Planet.swift in Sources */,
			);
			runOnlyForDeploymentPostprocessing = 0;
		};
/* End PBXSourcesBuildPhase section */

/* Begin PBXVariantGroup section */
		B5ABE3041EC0BA6200D20B2E /* Main.storyboard */ = {
			isa = PBXVariantGroup;
			children = (
				B5ABE3051EC0BA6200D20B2E /* Base */,
			);
			name = Main.storyboard;
			sourceTree = "<group>";
		};
		B5ABE30C1EC0BA6300D20B2E /* LaunchScreen.storyboard */ = {
			isa = PBXVariantGroup;
			children = (
				B5ABE30D1EC0BA6300D20B2E /* Base */,
			);
			name = LaunchScreen.storyboard;
			sourceTree = "<group>";
		};
/* End PBXVariantGroup section */

/* Begin XCBuildConfiguration section */
		B5ABE3101EC0BA6300D20B2E /* Debug */ = {
			isa = XCBuildConfiguration;
			buildSettings = {
				ALWAYS_SEARCH_USER_PATHS = NO;
				CLANG_ANALYZER_NONNULL = YES;
				CLANG_CXX_LANGUAGE_STANDARD = "gnu++0x";
				CLANG_CXX_LIBRARY = "libc++";
				CLANG_ENABLE_MODULES = YES;
				CLANG_ENABLE_OBJC_ARC = YES;
				CLANG_WARN_BOOL_CONVERSION = YES;
				CLANG_WARN_CONSTANT_CONVERSION = YES;
				CLANG_WARN_DIRECT_OBJC_ISA_USAGE = YES_ERROR;
				CLANG_WARN_DOCUMENTATION_COMMENTS = YES;
				CLANG_WARN_EMPTY_BODY = YES;
				CLANG_WARN_ENUM_CONVERSION = YES;
				CLANG_WARN_INFINITE_RECURSION = YES;
				CLANG_WARN_INT_CONVERSION = YES;
				CLANG_WARN_OBJC_ROOT_CLASS = YES_ERROR;
				CLANG_WARN_SUSPICIOUS_MOVE = YES;
				CLANG_WARN_UNREACHABLE_CODE = YES;
				CLANG_WARN__DUPLICATE_METHOD_MATCH = YES;
				"CODE_SIGN_IDENTITY[sdk=iphoneos*]" = "iPhone Developer";
				COPY_PHASE_STRIP = NO;
				DEBUG_INFORMATION_FORMAT = dwarf;
				ENABLE_STRICT_OBJC_MSGSEND = YES;
				ENABLE_TESTABILITY = YES;
				GCC_C_LANGUAGE_STANDARD = gnu99;
				GCC_DYNAMIC_NO_PIC = NO;
				GCC_NO_COMMON_BLOCKS = YES;
				GCC_OPTIMIZATION_LEVEL = 0;
				GCC_PREPROCESSOR_DEFINITIONS = (
					"DEBUG=1",
					"$(inherited)",
				);
				GCC_WARN_64_TO_32_BIT_CONVERSION = YES;
				GCC_WARN_ABOUT_RETURN_TYPE = YES_ERROR;
				GCC_WARN_UNDECLARED_SELECTOR = YES;
				GCC_WARN_UNINITIALIZED_AUTOS = YES_AGGRESSIVE;
				GCC_WARN_UNUSED_FUNCTION = YES;
				GCC_WARN_UNUSED_VARIABLE = YES;
				IPHONEOS_DEPLOYMENT_TARGET = 10.2;
				MTL_ENABLE_DEBUG_INFO = YES;
				ONLY_ACTIVE_ARCH = YES;
				SDKROOT = iphoneos;
				SWIFT_ACTIVE_COMPILATION_CONDITIONS = DEBUG;
				SWIFT_OPTIMIZATION_LEVEL = "-Onone";
			};
			name = Debug;
		};
		B5ABE3111EC0BA6300D20B2E /* Release */ = {
			isa = XCBuildConfiguration;
			buildSettings = {
				ALWAYS_SEARCH_USER_PATHS = NO;
				CLANG_ANALYZER_NONNULL = YES;
				CLANG_CXX_LANGUAGE_STANDARD = "gnu++0x";
				CLANG_CXX_LIBRARY = "libc++";
				CLANG_ENABLE_MODULES = YES;
				CLANG_ENABLE_OBJC_ARC = YES;
				CLANG_WARN_BOOL_CONVERSION = YES;
				CLANG_WARN_CONSTANT_CONVERSION = YES;
				CLANG_WARN_DIRECT_OBJC_ISA_USAGE = YES_ERROR;
				CLANG_WARN_DOCUMENTATION_COMMENTS = YES;
				CLANG_WARN_EMPTY_BODY = YES;
				CLANG_WARN_ENUM_CONVERSION = YES;
				CLANG_WARN_INFINITE_RECURSION = YES;
				CLANG_WARN_INT_CONVERSION = YES;
				CLANG_WARN_OBJC_ROOT_CLASS = YES_ERROR;
				CLANG_WARN_SUSPICIOUS_MOVE = YES;
				CLANG_WARN_UNREACHABLE_CODE = YES;
				CLANG_WARN__DUPLICATE_METHOD_MATCH = YES;
				"CODE_SIGN_IDENTITY[sdk=iphoneos*]" = "iPhone Developer";
				COPY_PHASE_STRIP = NO;
				DEBUG_INFORMATION_FORMAT = "dwarf-with-dsym";
				ENABLE_NS_ASSERTIONS = NO;
				ENABLE_STRICT_OBJC_MSGSEND = YES;
				GCC_C_LANGUAGE_STANDARD = gnu99;
				GCC_NO_COMMON_BLOCKS = YES;
				GCC_WARN_64_TO_32_BIT_CONVERSION = YES;
				GCC_WARN_ABOUT_RETURN_TYPE = YES_ERROR;
				GCC_WARN_UNDECLARED_SELECTOR = YES;
				GCC_WARN_UNINITIALIZED_AUTOS = YES_AGGRESSIVE;
				GCC_WARN_UNUSED_FUNCTION = YES;
				GCC_WARN_UNUSED_VARIABLE = YES;
				IPHONEOS_DEPLOYMENT_TARGET = 10.2;
				MTL_ENABLE_DEBUG_INFO = NO;
				SDKROOT = iphoneos;
				SWIFT_OPTIMIZATION_LEVEL = "-Owholemodule";
				VALIDATE_PRODUCT = YES;
			};
			name = Release;
		};
		B5ABE3131EC0BA6300D20B2E /* Debug */ = {
			isa = XCBuildConfiguration;
			buildSettings = {
				ASSETCATALOG_COMPILER_APPICON_NAME = AppIcon;
				INFOPLIST_FILE = SolarSystem2/Info.plist;
				LD_RUNPATH_SEARCH_PATHS = "$(inherited) @executable_path/Frameworks";
				PRODUCT_BUNDLE_IDENTIFIER = com.ben.lee.SolarSystem2;
				PRODUCT_NAME = "$(TARGET_NAME)";
				SWIFT_VERSION = 3.0;
			};
			name = Debug;
		};
		B5ABE3141EC0BA6300D20B2E /* Release */ = {
			isa = XCBuildConfiguration;
			buildSettings = {
				ASSETCATALOG_COMPILER_APPICON_NAME = AppIcon;
				INFOPLIST_FILE = SolarSystem2/Info.plist;
				LD_RUNPATH_SEARCH_PATHS = "$(inherited) @executable_path/Frameworks";
				PRODUCT_BUNDLE_IDENTIFIER = com.ben.lee.SolarSystem2;
				PRODUCT_NAME = "$(TARGET_NAME)";
				SWIFT_VERSION = 3.0;
			};
			name = Release;
		};
/* End XCBuildConfiguration section */

/* Begin XCConfigurationList section */
		B5ABE2F81EC0BA6200D20B2E /* Build configuration list for PBXProject "SolarSystem2" */ = {
			isa = XCConfigurationList;
			buildConfigurations = (
				B5ABE3101EC0BA6300D20B2E /* Debug */,
				B5ABE3111EC0BA6300D20B2E /* Release */,
			);
			defaultConfigurationIsVisible = 0;
			defaultConfigurationName = Release;
		};
		B5ABE3121EC0BA6300D20B2E /* Build configuration list for PBXNativeTarget "SolarSystem2" */ = {
			isa = XCConfigurationList;
			buildConfigurations = (
				B5ABE3131EC0BA6300D20B2E /* Debug */,
				B5ABE3141EC0BA6300D20B2E /* Release */,
			);
			defaultConfigurationIsVisible = 0;
			defaultConfigurationName = Release;
		};
/* End XCConfigurationList section */

/* Begin XCVersionGroup section */
		B5ABE3071EC0BA6300D20B2E /* SolarSystem2.xcdatamodeld */ = {
			isa = XCVersionGroup;
			children = (
				B5ABE3081EC0BA6300D20B2E /* SolarSystem2.xcdatamodel */,
			);
			currentVersion = B5ABE3081EC0BA6300D20B2E /* SolarSystem2.xcdatamodel */;
			path = SolarSystem2.xcdatamodeld;
			sourceTree = "<group>";
			versionGroupType = wrapper.xcdatamodel;
		};
/* End XCVersionGroup section */
	};
	rootObject = B5ABE2F51EC0BA6200D20B2E /* Project object */;
}
